{
  "lockfileVersion": 1,
  "workspaces": {
    "": {
      "name": "ai-gateway",
      "dependencies": {
        "@ai-sdk/anthropic": "^2.0.14",
        "@ai-sdk/gateway": "^1.0.19",
        "@ai-sdk/google": "^2.0.13",
        "@ai-sdk/openai": "^2.0.27",
        "@ai-sdk/openai-compatible": "^1.0.15",
        "@huggingface/inference": "^4.7.1",
        "@netlify/blobs": "^10.0.10",
        "ai": "^5.0.37",
        "hono": "^4.9.6",
        "zod": "^4.1.5",
      },
      "devDependencies": {
        "@types/node": "^24.3.1",
        "typescript": "^5.9.2",
      },
    },
  },
  "packages": {
    "@ai-sdk/anthropic": ["@ai-sdk/anthropic@2.0.14", "", { "dependencies": { "@ai-sdk/provider": "2.0.0", "@ai-sdk/provider-utils": "3.0.8" }, "peerDependencies": { "zod": "^3.25.76 || ^4" } }, "sha512-TTVzYsTO6gwKk5qpqb3bx1G1F/gpvRZDhRumTZsN0obZo2pmTLZhGoLVQSj8pm6S9ofBFMwR0lIjbCq2xMKfdw=="],

    "@ai-sdk/gateway": ["@ai-sdk/gateway@1.0.19", "", { "dependencies": { "@ai-sdk/provider": "2.0.0", "@ai-sdk/provider-utils": "3.0.8" }, "peerDependencies": { "zod": "^3.25.76 || ^4" } }, "sha512-TYLxx8Sclr/RdB0RIwGmA8OtJtyJxoPGtrTYgwrbzM2GdtwYtUuA/UIc4tZyCeyR1ujfqjbqiIF3kB54zGRD3A=="],

    "@ai-sdk/google": ["@ai-sdk/google@2.0.13", "", { "dependencies": { "@ai-sdk/provider": "2.0.0", "@ai-sdk/provider-utils": "3.0.8" }, "peerDependencies": { "zod": "^3.25.76 || ^4" } }, "sha512-5WauM+IrqbllWT4uXZVrfTnPCSKTtkHGNsD2CYD0JgGfeIOpa285UYCYUi0Z4RtcovwnZitvQABq465FfeLwzA=="],

    "@ai-sdk/openai": ["@ai-sdk/openai@2.0.27", "", { "dependencies": { "@ai-sdk/provider": "2.0.0", "@ai-sdk/provider-utils": "3.0.8" }, "peerDependencies": { "zod": "^3.25.76 || ^4" } }, "sha512-5fUFBlE9qGFgezVIVkzQk87qZYkxsn5PsedtCFPoGxHK6c2QVYHuD1UcrVIKt0elr043Vx17Xo/gS5oJAR5YEQ=="],

    "@ai-sdk/openai-compatible": ["@ai-sdk/openai-compatible@1.0.15", "", { "dependencies": { "@ai-sdk/provider": "2.0.0", "@ai-sdk/provider-utils": "3.0.8" }, "peerDependencies": { "zod": "^3.25.76 || ^4" } }, "sha512-i4TzohCxuFzBSdRNPa9eNFW6AYDZ5itbxz+rJa2kpNTMYqHgqKPGzet3X6eLIUVntA10icrqhWT+hUhxXZIS9Q=="],

    "@ai-sdk/provider": ["@ai-sdk/provider@2.0.0", "", { "dependencies": { "json-schema": "^0.4.0" } }, "sha512-6o7Y2SeO9vFKB8lArHXehNuusnpddKPk7xqL7T2/b+OvXMRIXUO1rR4wcv1hAFUAT9avGZshty3Wlua/XA7TvA=="],

    "@ai-sdk/provider-utils": ["@ai-sdk/provider-utils@3.0.8", "", { "dependencies": { "@ai-sdk/provider": "2.0.0", "@standard-schema/spec": "^1.0.0", "eventsource-parser": "^3.0.5" }, "peerDependencies": { "zod": "^3.25.76 || ^4" } }, "sha512-cDj1iigu7MW2tgAQeBzOiLhjHOUM9vENsgh4oAVitek0d//WdgfPCsKO3euP7m7LyO/j9a1vr/So+BGNdpFXYw=="],

    "@envelop/instrumentation": ["@envelop/instrumentation@1.0.0", "", { "dependencies": { "@whatwg-node/promise-helpers": "^1.2.1", "tslib": "^2.5.0" } }, "sha512-cxgkB66RQB95H3X27jlnxCRNTmPuSTgmBAq6/4n2Dtv4hsk4yz8FadA1ggmd0uZzvKqWD6CR+WFgTjhDqg7eyw=="],

    "@fastify/busboy": ["@fastify/busboy@3.2.0", "", {}, "sha512-m9FVDXU3GT2ITSe0UaMA5rU3QkfC/UXtCU8y0gSN/GugTqtVldOBWIB5V6V3sbmenVZUIpU6f+mPEO2+m5iTaA=="],

    "@huggingface/inference": ["@huggingface/inference@4.7.1", "", { "dependencies": { "@huggingface/jinja": "^0.5.1", "@huggingface/tasks": "^0.19.35" } }, "sha512-gXrMocGDsE6kUZPEj82c3O+/OKnIfbHvg9rYjGA6svbWrYVmHCIAdCrrgCwNl2v5GELfPJrrfIv0bvzCTfa64A=="],

    "@huggingface/jinja": ["@huggingface/jinja@0.5.1", "", {}, "sha512-yUZLld4lrM9iFxHCwFQ7D1HW2MWMwSbeB7WzWqFYDWK+rEb+WldkLdAJxUPOmgICMHZLzZGVcVjFh3w/YGubng=="],

    "@huggingface/tasks": ["@huggingface/tasks@0.19.37", "", {}, "sha512-Te1VB1tB1HoLfTGluCwy8sLO90YV+uNOAFktQ1h7jKas4TlHT/7SlfwFaDJFTV8lN7qCw2nDB+7PRkKzwIb/hg=="],

    "@netlify/blobs": ["@netlify/blobs@10.0.10", "", { "dependencies": { "@netlify/dev-utils": "4.1.3", "@netlify/runtime-utils": "2.1.0" } }, "sha512-900jiduBT3b7GagpOGJKD3FQypkNbskGyx+Mvd9Ajy7pU3K0CNj4JBaji4aJZz7krrMxZZJacr0wCEsqWLQQmA=="],

    "@netlify/dev-utils": ["@netlify/dev-utils@4.1.3", "", { "dependencies": { "@whatwg-node/server": "^0.10.0", "ansis": "^4.1.0", "chokidar": "^4.0.1", "decache": "^4.6.2", "dettle": "^1.0.5", "dot-prop": "9.0.0", "empathic": "^2.0.0", "env-paths": "^3.0.0", "image-size": "^2.0.2", "js-image-generator": "^1.0.4", "parse-gitignore": "^2.0.0", "semver": "^7.7.2", "tmp-promise": "^3.0.3", "uuid": "^11.1.0", "write-file-atomic": "^5.0.1" } }, "sha512-Cc8XNyKNVPWmRJAMVD8VICdYvVxZ66uoVdDzSyhrctw0cT7hW3NAlXF/xoLFK7uOV1xejah/Qt+2MPCJn32mqg=="],

    "@netlify/runtime-utils": ["@netlify/runtime-utils@2.1.0", "", {}, "sha512-z1h+wjB7IVYUsFZsuIYyNxiw5WWuylseY+eXaUDHBxNeLTlqziy+lz03QkR67CUR4Y790xGIhaHV00aOR2KAtw=="],

    "@opentelemetry/api": ["@opentelemetry/api@1.9.0", "", {}, "sha512-3giAOQvZiH5F9bMlMiv8+GSPMeqg0dbaeo58/0SlA9sxSqZhnUtxzX9/2FzyhS9sWQf5S0GJE0AKBrFqjpeYcg=="],

    "@standard-schema/spec": ["@standard-schema/spec@1.0.0", "", {}, "sha512-m2bOd0f2RT9k8QJx1JN85cZYyH1RqFBdlwtkSlf4tBDYLCiiZnv1fIIwacK6cqwXavOydf0NPToMQgpKq+dVlA=="],

    "@types/node": ["@types/node@24.3.1", "", { "dependencies": { "undici-types": "~7.10.0" } }, "sha512-3vXmQDXy+woz+gnrTvuvNrPzekOi+Ds0ReMxw0LzBiK3a+1k0kQn9f2NWk+lgD4rJehFUmYy2gMhJ2ZI+7YP9g=="],

    "@whatwg-node/disposablestack": ["@whatwg-node/disposablestack@0.0.6", "", { "dependencies": { "@whatwg-node/promise-helpers": "^1.0.0", "tslib": "^2.6.3" } }, "sha512-LOtTn+JgJvX8WfBVJtF08TGrdjuFzGJc4mkP8EdDI8ADbvO7kiexYep1o8dwnt0okb0jYclCDXF13xU7Ge4zSw=="],

    "@whatwg-node/fetch": ["@whatwg-node/fetch@0.10.10", "", { "dependencies": { "@whatwg-node/node-fetch": "^0.7.25", "urlpattern-polyfill": "^10.0.0" } }, "sha512-watz4i/Vv4HpoJ+GranJ7HH75Pf+OkPQ63NoVmru6Srgc8VezTArB00i/oQlnn0KWh14gM42F22Qcc9SU9mo/w=="],

    "@whatwg-node/node-fetch": ["@whatwg-node/node-fetch@0.7.25", "", { "dependencies": { "@fastify/busboy": "^3.1.1", "@whatwg-node/disposablestack": "^0.0.6", "@whatwg-node/promise-helpers": "^1.3.2", "tslib": "^2.6.3" } }, "sha512-szCTESNJV+Xd56zU6ShOi/JWROxE9IwCic8o5D9z5QECZloas6Ez5tUuKqXTAdu6fHFx1t6C+5gwj8smzOLjtg=="],

    "@whatwg-node/promise-helpers": ["@whatwg-node/promise-helpers@1.3.2", "", { "dependencies": { "tslib": "^2.6.3" } }, "sha512-Nst5JdK47VIl9UcGwtv2Rcgyn5lWtZ0/mhRQ4G8NN2isxpq2TO30iqHzmwoJycjWuyUfg3GFXqP/gFHXeV57IA=="],

    "@whatwg-node/server": ["@whatwg-node/server@0.10.12", "", { "dependencies": { "@envelop/instrumentation": "^1.0.0", "@whatwg-node/disposablestack": "^0.0.6", "@whatwg-node/fetch": "^0.10.10", "@whatwg-node/promise-helpers": "^1.3.2", "tslib": "^2.6.3" } }, "sha512-MQIvvQyPvKGna586MzXhgwnEbGtbm7QtOgJ/KPd/tC70M/jbhd1xHdIQQbh3okBw+MrDF/EvaC2vB5oRC7QdlQ=="],

    "ai": ["ai@5.0.37", "", { "dependencies": { "@ai-sdk/gateway": "1.0.19", "@ai-sdk/provider": "2.0.0", "@ai-sdk/provider-utils": "3.0.8", "@opentelemetry/api": "1.9.0" }, "peerDependencies": { "zod": "^3.25.76 || ^4" } }, "sha512-6QJEoLvynMBdk+vC/HT3Ry4w9DjhTKlC2PU+XZU/5z5QPGkGVloby7LJtzNYDOA41OltH+JOohSYqg/9phFwqg=="],

    "ansis": ["ansis@4.1.0", "", {}, "sha512-BGcItUBWSMRgOCe+SVZJ+S7yTRG0eGt9cXAHev72yuGcY23hnLA7Bky5L/xLyPINoSN95geovfBkqoTlNZYa7w=="],

    "callsite": ["callsite@1.0.0", "", {}, "sha512-0vdNRFXn5q+dtOqjfFtmtlI9N2eVZ7LMyEV2iKC5mEEFvSg/69Ml6b/WU2qF8W1nLRa0wiSrDT3Y5jOHZCwKPQ=="],

    "chokidar": ["chokidar@4.0.3", "", { "dependencies": { "readdirp": "^4.0.1" } }, "sha512-Qgzu8kfBvo+cA4962jnP1KkS6Dop5NS6g7R5LFYJr4b8Ub94PPQXUksCw9PvXoeXPRRddRNC5C1JQUR2SMGtnA=="],

    "decache": ["decache@4.6.2", "", { "dependencies": { "callsite": "^1.0.0" } }, "sha512-2LPqkLeu8XWHU8qNCS3kcF6sCcb5zIzvWaAHYSvPfwhdd7mHuah29NssMzrTYyHN4F5oFy2ko9OBYxegtU0FEw=="],

    "dettle": ["dettle@1.0.5", "", {}, "sha512-ZVyjhAJ7sCe1PNXEGveObOH9AC8QvMga3HJIghHawtG7mE4K5pW9nz/vDGAr/U7a3LWgdOzEE7ac9MURnyfaTA=="],

    "dot-prop": ["dot-prop@9.0.0", "", { "dependencies": { "type-fest": "^4.18.2" } }, "sha512-1gxPBJpI/pcjQhKgIU91II6Wkay+dLcN3M6rf2uwP8hRur3HtQXjVrdAK3sjC0piaEuxzMwjXChcETiJl47lAQ=="],

    "empathic": ["empathic@2.0.0", "", {}, "sha512-i6UzDscO/XfAcNYD75CfICkmfLedpyPDdozrLMmQc5ORaQcdMoc21OnlEylMIqI7U8eniKrPMxxtj8k0vhmJhA=="],

    "env-paths": ["env-paths@3.0.0", "", {}, "sha512-dtJUTepzMW3Lm/NPxRf3wP4642UWhjL2sQxc+ym2YMj1m/H2zDNQOlezafzkHwn6sMstjHTwG6iQQsctDW/b1A=="],

    "eventsource-parser": ["eventsource-parser@3.0.6", "", {}, "sha512-Vo1ab+QXPzZ4tCa8SwIHJFaSzy4R6SHf7BY79rFBDf0idraZWAkYrDjDj8uWaSm3S2TK+hJ7/t1CEmZ7jXw+pg=="],

    "hono": ["hono@4.9.6", "", {}, "sha512-doVjXhSFvYZ7y0dNokjwwSahcrAfdz+/BCLvAMa/vHLzjj8+CFyV5xteThGUsKdkaasgN+gF2mUxao+SGLpUeA=="],

    "image-size": ["image-size@2.0.2", "", { "bin": { "image-size": "bin/image-size.js" } }, "sha512-IRqXKlaXwgSMAMtpNzZa1ZAe8m+Sa1770Dhk8VkSsP9LS+iHD62Zd8FQKs8fbPiagBE7BzoFX23cxFnwshpV6w=="],

    "imurmurhash": ["imurmurhash@0.1.4", "", {}, "sha512-JmXMZ6wuvDmLiHEml9ykzqO6lwFbof0GG4IkcGaENdCRDDmMVnny7s5HsIgHCbaq0w2MyPhDqkhTUgS2LU2PHA=="],

    "jpeg-js": ["jpeg-js@0.4.4", "", {}, "sha512-WZzeDOEtTOBK4Mdsar0IqEU5sMr3vSV2RqkAIzUEV2BHnUfKGyswWFPFwK5EeDo93K3FohSHbLAjj0s1Wzd+dg=="],

    "js-image-generator": ["js-image-generator@1.0.4", "", { "dependencies": { "jpeg-js": "^0.4.2" } }, "sha512-ckb7kyVojGAnArouVR+5lBIuwU1fcrn7E/YYSd0FK7oIngAkMmRvHASLro9Zt5SQdWToaI66NybG+OGxPw/HlQ=="],

    "json-schema": ["json-schema@0.4.0", "", {}, "sha512-es94M3nTIfsEPisRafak+HDLfHXnKBhV3vU5eqPcS3flIWqcxJWgXHXiey3YrpaNsanY5ei1VoYEbOzijuq9BA=="],

    "parse-gitignore": ["parse-gitignore@2.0.0", "", {}, "sha512-RmVuCHWsfu0QPNW+mraxh/xjQVw/lhUCUru8Zni3Ctq3AoMhpDTq0OVdKS6iesd6Kqb7viCV3isAL43dciOSog=="],

    "readdirp": ["readdirp@4.1.2", "", {}, "sha512-GDhwkLfywWL2s6vEjyhri+eXmfH6j1L7JE27WhqLeYzoh/A3DBaYGEj2H/HFZCn/kMfim73FXxEJTw06WtxQwg=="],

    "semver": ["semver@7.7.2", "", { "bin": { "semver": "bin/semver.js" } }, "sha512-RF0Fw+rO5AMf9MAyaRXI4AV0Ulj5lMHqVxxdSgiVbixSCXoEmmX/jk0CuJw4+3SqroYO9VoUh+HcuJivvtJemA=="],

    "signal-exit": ["signal-exit@4.1.0", "", {}, "sha512-bzyZ1e88w9O1iNJbKnOlvYTrWPDl46O1bG0D3XInv+9tkPrxrN8jUUTiFlDkkmKWgn1M6CfIA13SuGqOa9Korw=="],

    "tmp": ["tmp@0.2.5", "", {}, "sha512-voyz6MApa1rQGUxT3E+BK7/ROe8itEx7vD8/HEvt4xwXucvQ5G5oeEiHkmHZJuBO21RpOf+YYm9MOivj709jow=="],

    "tmp-promise": ["tmp-promise@3.0.3", "", { "dependencies": { "tmp": "^0.2.0" } }, "sha512-RwM7MoPojPxsOBYnyd2hy0bxtIlVrihNs9pj5SUvY8Zz1sQcQG2tG1hSr8PDxfgEB8RNKDhqbIlroIarSNDNsQ=="],

    "tslib": ["tslib@2.8.1", "", {}, "sha512-oJFu94HQb+KVduSUQL7wnpmqnfmLsOA/nAh6b6EH0wCEoK0/mPeXU6c3wKDV83MkOuHPRHtSXKKU99IBazS/2w=="],

    "type-fest": ["type-fest@4.41.0", "", {}, "sha512-TeTSQ6H5YHvpqVwBRcnLDCBnDOHWYu7IvGbHT6N8AOymcr9PJGjc1GTtiWZTYg0NCgYwvnYWEkVChQAr9bjfwA=="],

    "typescript": ["typescript@5.9.2", "", { "bin": { "tsc": "bin/tsc", "tsserver": "bin/tsserver" } }, "sha512-CWBzXQrc/qOkhidw1OzBTQuYRbfyxDXJMVJ1XNwUHGROVmuaeiEm3OslpZ1RV96d7SKKjZKrSJu3+t/xlw3R9A=="],

    "undici-types": ["undici-types@7.10.0", "", {}, "sha512-t5Fy/nfn+14LuOc2KNYg75vZqClpAiqscVvMygNnlsHBFpSXdJaYtXMcdNLpl/Qvc3P2cB3s6lOV51nqsFq4ag=="],

    "urlpattern-polyfill": ["urlpattern-polyfill@10.1.0", "", {}, "sha512-IGjKp/o0NL3Bso1PymYURCJxMPNAf/ILOpendP9f5B6e1rTJgdgiOvgfoT8VxCAdY+Wisb9uhGaJJf3yZ2V9nw=="],

    "uuid": ["uuid@11.1.0", "", { "bin": { "uuid": "dist/esm/bin/uuid" } }, "sha512-0/A9rDy9P7cJ+8w1c9WD9V//9Wj15Ce2MPz8Ri6032usz+NfePxx5AcN3bN+r6ZL6jEo066/yNYB3tn4pQEx+A=="],

    "write-file-atomic": ["write-file-atomic@5.0.1", "", { "dependencies": { "imurmurhash": "^0.1.4", "signal-exit": "^4.0.1" } }, "sha512-+QU2zd6OTD8XWIJCbffaiQeH9U73qIqafo1x6V1snCWYGJf6cVE0cDR4D8xRzcEnfI21IFrUPzPGtcPf8AC+Rw=="],

    "zod": ["zod@4.1.5", "", {}, "sha512-rcUUZqlLJgBC33IT3PNMgsCq6TzLQEG/Ei/KTCU0PedSWRMAXoOUN+4t/0H+Q8bdnLPdqUYnvboJT0bn/229qg=="],
  }
}
