{
  "lockfileVersion": 1,
  "workspaces": {
    "": {
      "name": "vercel-ai-gateway",
      "dependencies": {
        "@ai-sdk/gateway": "^1.0.7",
        "@ai-sdk/google": "^2.0.6",
        "@ai-sdk/groq": "^2.0.10",
        "@ai-sdk/openai": "^2.0.15",
        "@ai-sdk/openai-compatible": "^1.0.7",
        "ai": "^5.0.15",
        "hono": "^4.9.2",
        "zod": "^4.0.17",
      },
      "devDependencies": {
        "@types/node": "^24.3.0",
        "typescript": "^5.9.2",
      },
    },
  },
  "packages": {
    "@ai-sdk/gateway": ["@ai-sdk/gateway@1.0.7", "", { "dependencies": { "@ai-sdk/provider": "2.0.0", "@ai-sdk/provider-utils": "3.0.3" }, "peerDependencies": { "zod": "^3.25.76 || ^4" } }, "sha512-Athrq7OARuNc0iHZJP6InhSQ53tImCc990vMWyR1UHaZgPZJbXjKhIMiOj54F0I0Nlemx48V4fHYUTfLkJotnQ=="],

    "@ai-sdk/google": ["@ai-sdk/google@2.0.6", "", { "dependencies": { "@ai-sdk/provider": "2.0.0", "@ai-sdk/provider-utils": "3.0.3" }, "peerDependencies": { "zod": "^3.25.76 || ^4" } }, "sha512-8acuseWJI+RRH99JDWM/n7IJRuuGNa4YzLXB/leqE/ZByHyIiVWGADjJi/vfnJnmdM5fQnezJ6SRTF6feI5rSQ=="],

    "@ai-sdk/groq": ["@ai-sdk/groq@2.0.10", "", { "dependencies": { "@ai-sdk/provider": "2.0.0", "@ai-sdk/provider-utils": "3.0.3" }, "peerDependencies": { "zod": "^3.25.76 || ^4" } }, "sha512-y74lbQn2c251TdjF85g1XrjBO/U6ryaq4YVolh2HoqVQf6GimSt8RnPzvTnoAq/2Y/8lFjyWiCmdMSZbEngwqQ=="],

    "@ai-sdk/openai": ["@ai-sdk/openai@2.0.15", "", { "dependencies": { "@ai-sdk/provider": "2.0.0", "@ai-sdk/provider-utils": "3.0.3" }, "peerDependencies": { "zod": "^3.25.76 || ^4" } }, "sha512-/IUyQ9ck4uUTtGojvQamcUWpNWkwpL/P1F6LYRxpQGj07H00oJEBH/VUizrIq0ZvW/vkuK6c6X4UJS9PrdYyxA=="],

    "@ai-sdk/openai-compatible": ["@ai-sdk/openai-compatible@1.0.7", "", { "dependencies": { "@ai-sdk/provider": "2.0.0", "@ai-sdk/provider-utils": "3.0.3" }, "peerDependencies": { "zod": "^3.25.76 || ^4" } }, "sha512-mH+0yoJCvPQZBwwyw8ALil0cA40dQAPc+YhaANFxpjDJKqtATpHXPxq7u2SiMNkbqV26jO92etHPM+EP2+p2VA=="],

    "@ai-sdk/provider": ["@ai-sdk/provider@2.0.0", "", { "dependencies": { "json-schema": "^0.4.0" } }, "sha512-6o7Y2SeO9vFKB8lArHXehNuusnpddKPk7xqL7T2/b+OvXMRIXUO1rR4wcv1hAFUAT9avGZshty3Wlua/XA7TvA=="],

    "@ai-sdk/provider-utils": ["@ai-sdk/provider-utils@3.0.3", "", { "dependencies": { "@ai-sdk/provider": "2.0.0", "@standard-schema/spec": "^1.0.0", "eventsource-parser": "^3.0.3", "zod-to-json-schema": "^3.24.1" }, "peerDependencies": { "zod": "^3.25.76 || ^4" } }, "sha512-kAxIw1nYmFW1g5TvE54ZB3eNtgZna0RnLjPUp1ltz1+t9xkXJIuDT4atrwfau9IbS0BOef38wqrI8CjFfQrxhw=="],

    "@opentelemetry/api": ["@opentelemetry/api@1.9.0", "", {}, "sha512-3giAOQvZiH5F9bMlMiv8+GSPMeqg0dbaeo58/0SlA9sxSqZhnUtxzX9/2FzyhS9sWQf5S0GJE0AKBrFqjpeYcg=="],

    "@standard-schema/spec": ["@standard-schema/spec@1.0.0", "", {}, "sha512-m2bOd0f2RT9k8QJx1JN85cZYyH1RqFBdlwtkSlf4tBDYLCiiZnv1fIIwacK6cqwXavOydf0NPToMQgpKq+dVlA=="],

    "@types/node": ["@types/node@24.3.0", "", { "dependencies": { "undici-types": "~7.10.0" } }, "sha512-aPTXCrfwnDLj4VvXrm+UUCQjNEvJgNA8s5F1cvwQU+3KNltTOkBm1j30uNLyqqPNe7gE3KFzImYoZEfLhp4Yow=="],

    "ai": ["ai@5.0.15", "", { "dependencies": { "@ai-sdk/gateway": "1.0.7", "@ai-sdk/provider": "2.0.0", "@ai-sdk/provider-utils": "3.0.3", "@opentelemetry/api": "1.9.0" }, "peerDependencies": { "zod": "^3.25.76 || ^4" } }, "sha512-EX5hF+NVFm6R11mvdZRbg6eJEjyMlniI4/xOnyTh4VtDQ457lhIgi3kDGrHW3/qw9ELon9m2e7AK3g5z5sLwsQ=="],

    "eventsource-parser": ["eventsource-parser@3.0.3", "", {}, "sha512-nVpZkTMM9rF6AQ9gPJpFsNAMt48wIzB5TQgiTLdHiuO8XEDhUgZEhqKlZWXbIzo9VmJ/HvysHqEaVeD5v9TPvA=="],

    "hono": ["hono@4.9.2", "", {}, "sha512-UG2jXGS/gkLH42l/1uROnwXpkjvvxkl3kpopL3LBo27NuaDPI6xHNfuUSilIHcrBkPfl4y0z6y2ByI455TjNRw=="],

    "json-schema": ["json-schema@0.4.0", "", {}, "sha512-es94M3nTIfsEPisRafak+HDLfHXnKBhV3vU5eqPcS3flIWqcxJWgXHXiey3YrpaNsanY5ei1VoYEbOzijuq9BA=="],

    "typescript": ["typescript@5.9.2", "", { "bin": { "tsc": "bin/tsc", "tsserver": "bin/tsserver" } }, "sha512-CWBzXQrc/qOkhidw1OzBTQuYRbfyxDXJMVJ1XNwUHGROVmuaeiEm3OslpZ1RV96d7SKKjZKrSJu3+t/xlw3R9A=="],

    "undici-types": ["undici-types@7.10.0", "", {}, "sha512-t5Fy/nfn+14LuOc2KNYg75vZqClpAiqscVvMygNnlsHBFpSXdJaYtXMcdNLpl/Qvc3P2cB3s6lOV51nqsFq4ag=="],

    "zod": ["zod@4.0.17", "", {}, "sha512-1PHjlYRevNxxdy2JZ8JcNAw7rX8V9P1AKkP+x/xZfxB0K5FYfuV+Ug6P/6NVSR2jHQ+FzDDoDHS04nYUsOIyLQ=="],

    "zod-to-json-schema": ["zod-to-json-schema@3.24.6", "", { "peerDependencies": { "zod": "^3.24.1" } }, "sha512-h/z3PKvcTcTetyjl1fkj79MHNEjm+HpD6NXheWjzOekY7kV+lwDYnHw+ivHkijnCSMz1yJaWBD9vu/Fcmk+vEg=="],
  }
}
