lockfileVersion: '9.0'

settings:
  autoInstallPeers: true
  excludeLinksFromLockfile: false

importers:

  .:
    dependencies:
      '@ai-sdk/gateway':
        specifier: ^1.0.7
        version: 1.0.7(zod@4.0.17)
      '@ai-sdk/google':
        specifier: ^2.0.6
        version: 2.0.6(zod@4.0.17)
      '@ai-sdk/groq':
        specifier: ^2.0.10
        version: 2.0.10(zod@4.0.17)
      '@ai-sdk/openai':
        specifier: ^2.0.15
        version: 2.0.15(zod@4.0.17)
      '@ai-sdk/openai-compatible':
        specifier: ^1.0.7
        version: 1.0.7(zod@4.0.17)
      ai:
        specifier: ^5.0.15
        version: 5.0.15(zod@4.0.17)
      hono:
        specifier: ^4.9.2
        version: 4.9.2
      zod:
        specifier: ^4.0.17
        version: 4.0.17
    devDependencies:
      '@types/node':
        specifier: ^24.3.0
        version: 24.3.0
      typescript:
        specifier: ^5.9.2
        version: 5.9.2

packages:

  '@ai-sdk/gateway@1.0.7':
    resolution: {integrity: sha512-Athrq7OARuNc0iHZJP6InhSQ53tImCc990vMWyR1UHaZgPZJbXjKhIMiOj54F0I0Nlemx48V4fHYUTfLkJotnQ==}
    engines: {node: '>=18'}
    peerDependencies:
      zod: ^3.25.76 || ^4

  '@ai-sdk/google@2.0.6':
    resolution: {integrity: sha512-8acuseWJI+RRH99JDWM/n7IJRuuGNa4YzLXB/leqE/ZByHyIiVWGADjJi/vfnJnmdM5fQnezJ6SRTF6feI5rSQ==}
    engines: {node: '>=18'}
    peerDependencies:
      zod: ^3.25.76 || ^4

  '@ai-sdk/groq@2.0.10':
    resolution: {integrity: sha512-y74lbQn2c251TdjF85g1XrjBO/U6ryaq4YVolh2HoqVQf6GimSt8RnPzvTnoAq/2Y/8lFjyWiCmdMSZbEngwqQ==}
    engines: {node: '>=18'}
    peerDependencies:
      zod: ^3.25.76 || ^4

  '@ai-sdk/openai-compatible@1.0.7':
    resolution: {integrity: sha512-mH+0yoJCvPQZBwwyw8ALil0cA40dQAPc+YhaANFxpjDJKqtATpHXPxq7u2SiMNkbqV26jO92etHPM+EP2+p2VA==}
    engines: {node: '>=18'}
    peerDependencies:
      zod: ^3.25.76 || ^4

  '@ai-sdk/openai@2.0.15':
    resolution: {integrity: sha512-/IUyQ9ck4uUTtGojvQamcUWpNWkwpL/P1F6LYRxpQGj07H00oJEBH/VUizrIq0ZvW/vkuK6c6X4UJS9PrdYyxA==}
    engines: {node: '>=18'}
    peerDependencies:
      zod: ^3.25.76 || ^4

  '@ai-sdk/provider-utils@3.0.3':
    resolution: {integrity: sha512-kAxIw1nYmFW1g5TvE54ZB3eNtgZna0RnLjPUp1ltz1+t9xkXJIuDT4atrwfau9IbS0BOef38wqrI8CjFfQrxhw==}
    engines: {node: '>=18'}
    peerDependencies:
      zod: ^3.25.76 || ^4

  '@ai-sdk/provider@2.0.0':
    resolution: {integrity: sha512-6o7Y2SeO9vFKB8lArHXehNuusnpddKPk7xqL7T2/b+OvXMRIXUO1rR4wcv1hAFUAT9avGZshty3Wlua/XA7TvA==}
    engines: {node: '>=18'}

  '@opentelemetry/api@1.9.0':
    resolution: {integrity: sha512-3giAOQvZiH5F9bMlMiv8+GSPMeqg0dbaeo58/0SlA9sxSqZhnUtxzX9/2FzyhS9sWQf5S0GJE0AKBrFqjpeYcg==}
    engines: {node: '>=8.0.0'}

  '@standard-schema/spec@1.0.0':
    resolution: {integrity: sha512-m2bOd0f2RT9k8QJx1JN85cZYyH1RqFBdlwtkSlf4tBDYLCiiZnv1fIIwacK6cqwXavOydf0NPToMQgpKq+dVlA==}

  '@types/node@24.3.0':
    resolution: {integrity: sha512-aPTXCrfwnDLj4VvXrm+UUCQjNEvJgNA8s5F1cvwQU+3KNltTOkBm1j30uNLyqqPNe7gE3KFzImYoZEfLhp4Yow==}

  ai@5.0.15:
    resolution: {integrity: sha512-EX5hF+NVFm6R11mvdZRbg6eJEjyMlniI4/xOnyTh4VtDQ457lhIgi3kDGrHW3/qw9ELon9m2e7AK3g5z5sLwsQ==}
    engines: {node: '>=18'}
    peerDependencies:
      zod: ^3.25.76 || ^4

  eventsource-parser@3.0.3:
    resolution: {integrity: sha512-nVpZkTMM9rF6AQ9gPJpFsNAMt48wIzB5TQgiTLdHiuO8XEDhUgZEhqKlZWXbIzo9VmJ/HvysHqEaVeD5v9TPvA==}
    engines: {node: '>=20.0.0'}

  hono@4.9.2:
    resolution: {integrity: sha512-UG2jXGS/gkLH42l/1uROnwXpkjvvxkl3kpopL3LBo27NuaDPI6xHNfuUSilIHcrBkPfl4y0z6y2ByI455TjNRw==}
    engines: {node: '>=16.9.0'}

  json-schema@0.4.0:
    resolution: {integrity: sha512-es94M3nTIfsEPisRafak+HDLfHXnKBhV3vU5eqPcS3flIWqcxJWgXHXiey3YrpaNsanY5ei1VoYEbOzijuq9BA==}

  typescript@5.9.2:
    resolution: {integrity: sha512-CWBzXQrc/qOkhidw1OzBTQuYRbfyxDXJMVJ1XNwUHGROVmuaeiEm3OslpZ1RV96d7SKKjZKrSJu3+t/xlw3R9A==}
    engines: {node: '>=14.17'}
    hasBin: true

  undici-types@7.10.0:
    resolution: {integrity: sha512-t5Fy/nfn+14LuOc2KNYg75vZqClpAiqscVvMygNnlsHBFpSXdJaYtXMcdNLpl/Qvc3P2cB3s6lOV51nqsFq4ag==}

  zod-to-json-schema@3.24.6:
    resolution: {integrity: sha512-h/z3PKvcTcTetyjl1fkj79MHNEjm+HpD6NXheWjzOekY7kV+lwDYnHw+ivHkijnCSMz1yJaWBD9vu/Fcmk+vEg==}
    peerDependencies:
      zod: ^3.24.1

  zod@4.0.17:
    resolution: {integrity: sha512-1PHjlYRevNxxdy2JZ8JcNAw7rX8V9P1AKkP+x/xZfxB0K5FYfuV+Ug6P/6NVSR2jHQ+FzDDoDHS04nYUsOIyLQ==}

snapshots:

  '@ai-sdk/gateway@1.0.7(zod@4.0.17)':
    dependencies:
      '@ai-sdk/provider': 2.0.0
      '@ai-sdk/provider-utils': 3.0.3(zod@4.0.17)
      zod: 4.0.17

  '@ai-sdk/google@2.0.6(zod@4.0.17)':
    dependencies:
      '@ai-sdk/provider': 2.0.0
      '@ai-sdk/provider-utils': 3.0.3(zod@4.0.17)
      zod: 4.0.17

  '@ai-sdk/groq@2.0.10(zod@4.0.17)':
    dependencies:
      '@ai-sdk/provider': 2.0.0
      '@ai-sdk/provider-utils': 3.0.3(zod@4.0.17)
      zod: 4.0.17

  '@ai-sdk/openai-compatible@1.0.7(zod@4.0.17)':
    dependencies:
      '@ai-sdk/provider': 2.0.0
      '@ai-sdk/provider-utils': 3.0.3(zod@4.0.17)
      zod: 4.0.17

  '@ai-sdk/openai@2.0.15(zod@4.0.17)':
    dependencies:
      '@ai-sdk/provider': 2.0.0
      '@ai-sdk/provider-utils': 3.0.3(zod@4.0.17)
      zod: 4.0.17

  '@ai-sdk/provider-utils@3.0.3(zod@4.0.17)':
    dependencies:
      '@ai-sdk/provider': 2.0.0
      '@standard-schema/spec': 1.0.0
      eventsource-parser: 3.0.3
      zod: 4.0.17
      zod-to-json-schema: 3.24.6(zod@4.0.17)

  '@ai-sdk/provider@2.0.0':
    dependencies:
      json-schema: 0.4.0

  '@opentelemetry/api@1.9.0': {}

  '@standard-schema/spec@1.0.0': {}

  '@types/node@24.3.0':
    dependencies:
      undici-types: 7.10.0

  ai@5.0.15(zod@4.0.17):
    dependencies:
      '@ai-sdk/gateway': 1.0.7(zod@4.0.17)
      '@ai-sdk/provider': 2.0.0
      '@ai-sdk/provider-utils': 3.0.3(zod@4.0.17)
      '@opentelemetry/api': 1.9.0
      zod: 4.0.17

  eventsource-parser@3.0.3: {}

  hono@4.9.2: {}

  json-schema@0.4.0: {}

  typescript@5.9.2: {}

  undici-types@7.10.0: {}

  zod-to-json-schema@3.24.6(zod@4.0.17):
    dependencies:
      zod: 4.0.17

  zod@4.0.17: {}
