lockfileVersion: '9.0'

settings:
  autoInstallPeers: true
  excludeLinksFromLockfile: false

importers:

  .:
    dependencies:
      '@ai-sdk/gateway':
        specifier: ^1.0.4
        version: 1.0.4(zod@4.0.17)
      '@ai-sdk/google':
        specifier: ^2.0.3
        version: 2.0.3(zod@4.0.17)
      '@ai-sdk/openai':
        specifier: ^2.0.8
        version: 2.0.8(zod@4.0.17)
      '@ai-sdk/openai-compatible':
        specifier: ^1.0.4
        version: 1.0.4(zod@4.0.17)
      ai:
        specifier: ^5.0.8
        version: 5.0.8(zod@4.0.17)
      hono:
        specifier: ^4.6.3
        version: 4.9.0
      zod:
        specifier: ^4.0.17
        version: 4.0.17
    devDependencies:
      '@types/node':
        specifier: ^22.17.1
        version: 22.17.1
      typescript:
        specifier: ^5.9.2
        version: 5.9.2

packages:

  '@ai-sdk/gateway@1.0.4':
    resolution: {integrity: sha512-1roLdgMbFU3Nr4MC97/te7w6OqxsWBkDUkpbCcvxF3jz/ku91WVaJldn/PKU8feMKNyI5W9wnqhbjb1BqbExOQ==}
    engines: {node: '>=18'}
    peerDependencies:
      zod: ^3.25.76 || ^4

  '@ai-sdk/google@2.0.3':
    resolution: {integrity: sha512-rQkY4nQGZnQw6pfftqsGsXXAqkGnl1gYjSbvD8+zyrVg2KAYeJU0NxIaacLWCORNcW+yQ/cqTpK/Uku/SIdEqA==}
    engines: {node: '>=18'}
    peerDependencies:
      zod: ^3.25.76 || ^4

  '@ai-sdk/openai-compatible@1.0.4':
    resolution: {integrity: sha512-XQeSVO6jI/K5NW7Tx1QlOIjuE7iWMi6BN/tuuIvEzw1ptFbF25cx7+szzw8VcnrREd9pnWaYTQfc/OwaCn6l0A==}
    engines: {node: '>=18'}
    peerDependencies:
      zod: ^3.25.76 || ^4

  '@ai-sdk/openai@2.0.8':
    resolution: {integrity: sha512-D5AP65yCXL4GtTrWGhu3hTHhlKyYu8NBRtRZ1h5F8PYXFVLtuiQ0AypbDreXLphONehLf0zGN3Cm3Fob/DDMRw==}
    engines: {node: '>=18'}
    peerDependencies:
      zod: ^3.25.76 || ^4

  '@ai-sdk/provider-utils@3.0.1':
    resolution: {integrity: sha512-/iP1sKc6UdJgGH98OCly7sWJKv+J9G47PnTjIj40IJMUQKwDrUMyf7zOOfRtPwSuNifYhSoJQ4s1WltI65gJ/g==}
    engines: {node: '>=18'}
    peerDependencies:
      zod: ^3.25.76 || ^4

  '@ai-sdk/provider@2.0.0':
    resolution: {integrity: sha512-6o7Y2SeO9vFKB8lArHXehNuusnpddKPk7xqL7T2/b+OvXMRIXUO1rR4wcv1hAFUAT9avGZshty3Wlua/XA7TvA==}
    engines: {node: '>=18'}

  '@opentelemetry/api@1.9.0':
    resolution: {integrity: sha512-3giAOQvZiH5F9bMlMiv8+GSPMeqg0dbaeo58/0SlA9sxSqZhnUtxzX9/2FzyhS9sWQf5S0GJE0AKBrFqjpeYcg==}
    engines: {node: '>=8.0.0'}

  '@standard-schema/spec@1.0.0':
    resolution: {integrity: sha512-m2bOd0f2RT9k8QJx1JN85cZYyH1RqFBdlwtkSlf4tBDYLCiiZnv1fIIwacK6cqwXavOydf0NPToMQgpKq+dVlA==}

  '@types/node@22.17.1':
    resolution: {integrity: sha512-y3tBaz+rjspDTylNjAX37jEC3TETEFGNJL6uQDxwF9/8GLLIjW1rvVHlynyuUKMnMr1Roq8jOv3vkopBjC4/VA==}

  ai@5.0.8:
    resolution: {integrity: sha512-qbnhj046UvG30V1S5WhjBn+RBGEAmi8PSZWqMhRsE3EPxvO5BcePXTZFA23e9MYyWS9zr4Vm8Mv3wQXwLmtIBw==}
    engines: {node: '>=18'}
    peerDependencies:
      zod: ^3.25.76 || ^4

  eventsource-parser@3.0.3:
    resolution: {integrity: sha512-nVpZkTMM9rF6AQ9gPJpFsNAMt48wIzB5TQgiTLdHiuO8XEDhUgZEhqKlZWXbIzo9VmJ/HvysHqEaVeD5v9TPvA==}
    engines: {node: '>=20.0.0'}

  hono@4.9.0:
    resolution: {integrity: sha512-JAUc4Sqi3lhby2imRL/67LMcJFKiCu7ZKghM7iwvltVZzxEC5bVJCsAa4NTnSfmWGb+N2eOVtFE586R+K3fejA==}
    engines: {node: '>=16.9.0'}

  json-schema@0.4.0:
    resolution: {integrity: sha512-es94M3nTIfsEPisRafak+HDLfHXnKBhV3vU5eqPcS3flIWqcxJWgXHXiey3YrpaNsanY5ei1VoYEbOzijuq9BA==}

  typescript@5.9.2:
    resolution: {integrity: sha512-CWBzXQrc/qOkhidw1OzBTQuYRbfyxDXJMVJ1XNwUHGROVmuaeiEm3OslpZ1RV96d7SKKjZKrSJu3+t/xlw3R9A==}
    engines: {node: '>=14.17'}
    hasBin: true

  undici-types@6.21.0:
    resolution: {integrity: sha512-iwDZqg0QAGrg9Rav5H4n0M64c3mkR59cJ6wQp+7C4nI0gsmExaedaYLNO44eT4AtBBwjbTiGPMlt2Md0T9H9JQ==}

  zod-to-json-schema@3.24.6:
    resolution: {integrity: sha512-h/z3PKvcTcTetyjl1fkj79MHNEjm+HpD6NXheWjzOekY7kV+lwDYnHw+ivHkijnCSMz1yJaWBD9vu/Fcmk+vEg==}
    peerDependencies:
      zod: ^3.24.1

  zod@4.0.17:
    resolution: {integrity: sha512-1PHjlYRevNxxdy2JZ8JcNAw7rX8V9P1AKkP+x/xZfxB0K5FYfuV+Ug6P/6NVSR2jHQ+FzDDoDHS04nYUsOIyLQ==}

snapshots:

  '@ai-sdk/gateway@1.0.4(zod@4.0.17)':
    dependencies:
      '@ai-sdk/provider': 2.0.0
      '@ai-sdk/provider-utils': 3.0.1(zod@4.0.17)
      zod: 4.0.17

  '@ai-sdk/google@2.0.3(zod@4.0.17)':
    dependencies:
      '@ai-sdk/provider': 2.0.0
      '@ai-sdk/provider-utils': 3.0.1(zod@4.0.17)
      zod: 4.0.17

  '@ai-sdk/openai-compatible@1.0.4(zod@4.0.17)':
    dependencies:
      '@ai-sdk/provider': 2.0.0
      '@ai-sdk/provider-utils': 3.0.1(zod@4.0.17)
      zod: 4.0.17

  '@ai-sdk/openai@2.0.8(zod@4.0.17)':
    dependencies:
      '@ai-sdk/provider': 2.0.0
      '@ai-sdk/provider-utils': 3.0.1(zod@4.0.17)
      zod: 4.0.17

  '@ai-sdk/provider-utils@3.0.1(zod@4.0.17)':
    dependencies:
      '@ai-sdk/provider': 2.0.0
      '@standard-schema/spec': 1.0.0
      eventsource-parser: 3.0.3
      zod: 4.0.17
      zod-to-json-schema: 3.24.6(zod@4.0.17)

  '@ai-sdk/provider@2.0.0':
    dependencies:
      json-schema: 0.4.0

  '@opentelemetry/api@1.9.0': {}

  '@standard-schema/spec@1.0.0': {}

  '@types/node@22.17.1':
    dependencies:
      undici-types: 6.21.0

  ai@5.0.8(zod@4.0.17):
    dependencies:
      '@ai-sdk/gateway': 1.0.4(zod@4.0.17)
      '@ai-sdk/provider': 2.0.0
      '@ai-sdk/provider-utils': 3.0.1(zod@4.0.17)
      '@opentelemetry/api': 1.9.0
      zod: 4.0.17

  eventsource-parser@3.0.3: {}

  hono@4.9.0: {}

  json-schema@0.4.0: {}

  typescript@5.9.2: {}

  undici-types@6.21.0: {}

  zod-to-json-schema@3.24.6(zod@4.0.17):
    dependencies:
      zod: 4.0.17

  zod@4.0.17: {}
